%{"certifi": {:hex, :certifi, "0.7.0", "861a57f3808f7eb0c2d1802afeaae0fa5de813b0df0979153cbafcd853ababaf", [:rebar3], []},
  "csv": {:hex, :csv, "1.4.4", "992f2e1418849a326fd1d9287801fa2d86091db4f9611f60781da6d236f64cd4", [:mix], [{:parallel_stream, "~> 1.0.4", [hex: :parallel_stream, optional: false]}]},
  "earmark": {:hex, :earmark, "1.0.3", "89bdbaf2aca8bbb5c97d8b3b55c5dd0cff517ecc78d417e87f1d0982e514557b", [:mix], []},
  "elixir_xml_to_map": {:hex, :elixir_xml_to_map, "0.1.1", "57e924cd11731947bfd245ce57d0b8dd8b7168bf8edb20cd156a2982ca96fdfa", [:mix], [{:erlsom, "~>1.4", [hex: :erlsom, optional: false]}]},
  "erlsom": {:hex, :erlsom, "1.4.1", "53dbacf35adfea6f0714fd0e4a7b0720d495e88c5e24e12c5dc88c7b62bd3e49", [:rebar3], []},
  "ex_doc": {:hex, :ex_doc, "0.14.3", "e61cec6cf9731d7d23d254266ab06ac1decbb7651c3d1568402ec535d387b6f7", [:mix], [{:earmark, "~> 1.0", [hex: :earmark, optional: false]}]},
  "hackney": {:hex, :hackney, "1.6.3", "d489d7ca2d4323e307bedc4bfe684323a7bf773ecfd77938f3ee8074e488e140", [:mix, :rebar3], [{:certifi, "0.7.0", [hex: :certifi, optional: false]}, {:idna, "1.2.0", [hex: :idna, optional: false]}, {:metrics, "1.0.1", [hex: :metrics, optional: false]}, {:mimerl, "1.0.2", [hex: :mimerl, optional: false]}, {:ssl_verify_fun, "1.1.1", [hex: :ssl_verify_fun, optional: false]}]},
  "httpoison": {:hex, :httpoison, "0.9.2", "a211a8e87403a043c41218e64df250d321f236ac57f786c6a0ccf3e9e817c819", [:mix], [{:hackney, "~> 1.6.0", [hex: :hackney, optional: false]}]},
  "idna": {:hex, :idna, "1.2.0", "ac62ee99da068f43c50dc69acf700e03a62a348360126260e87f2b54eced86b2", [:rebar3], []},
  "inflex": {:hex, :inflex, "1.7.0", "4466a34b7d8e871d8164619ba0f3b8410ec782e900f0ae1d3d27a5875a29532e", [:mix], []},
  "metrics": {:hex, :metrics, "1.0.1", "25f094dea2cda98213cecc3aeff09e940299d950904393b2a29d191c346a8486", [:rebar3], []},
  "mimerl": {:hex, :mimerl, "1.0.2", "993f9b0e084083405ed8252b99460c4f0563e41729ab42d9074fd5e52439be88", [:rebar3], []},
  "parallel_stream": {:hex, :parallel_stream, "1.0.5", "4c78d3e675f9eff885cbe252c89a8fc1d2fb803c0d03a914281e587834e09431", [:mix], []},
  "ssl_verify_fun": {:hex, :ssl_verify_fun, "1.1.1", "28a4d65b7f59893bc2c7de786dec1e1555bd742d336043fe644ae956c3497fbe", [:make, :rebar], []}}
